
Microsoft Visual Studio Solution File, Format Version 12.00
# Visual Studio 15
VisualStudioVersion = 15.0.27703.2000
MinimumVisualStudioVersion = 10.0.40219.1
Project("{8BC9CEB8-8B4A-11D0-8D11-00A0C91BC942}") = "MultiThreadingExample", "MultiThreadingExample\MultiThreadingExample.vcxproj", "{827FE61F-14FE-4D51-ABB1-D91B09B7D17A}"
EndProject
Global
	GlobalSection(SolutionConfigurationPlatforms) = preSolution
		Debug|x64 = Debug|x64
		Debug|x86 = Debug|x86
		Release|x64 = Release|x64
		Release|x86 = Release|x86
	EndGlobalSection
	GlobalSection(ProjectConfigurationPlatforms) = postSolution
		{827FE61F-14FE-4D51-ABB1-D91B09B7D17A}.Debug|x64.ActiveCfg = Debug|x64
		{827FE61F-14FE-4D51-ABB1-D91B09B7D17A}.Debug|x64.Build.0 = Debug|x64
		{827FE61F-14FE-4D51-ABB1-D91B09B7D17A}.Debug|x86.ActiveCfg = Debug|Win32
		{827FE61F-14FE-4D51-ABB1-D91B09B7D17A}.Debug|x86.Build.0 = Debug|Win32
		{827FE61F-14FE-4D51-ABB1-D91B09B7D17A}.Release|x64.ActiveCfg = Release|x64
		{827FE61F-14FE-4D51-ABB1-D91B09B7D17A}.Release|x64.Build.0 = Release|x64
		{827FE61F-14FE-4D51-ABB1-D91B09B7D17A}.Release|x86.ActiveCfg = Release|Win32
		{827FE61F-14FE-4D51-ABB1-D91B09B7D17A}.Release|x86.Build.0 = Release|Win32
	EndGlobalSection
	GlobalSection(SolutionProperties) = preSolution
		HideSolutionNode = FALSE
	EndGlobalSection
	GlobalSection(ExtensibilityGlobals) = postSolution
		SolutionGuid = {7EC9AE6B-AE26-4430-8B79-16DC6CD3E775}
	EndGlobalSection
EndGlobal
